
Microsoft Visual Studio Solution File, Format Version 12.00
# Visual Studio Version 17
VisualStudioVersion = 17.7.34221.43
MinimumVisualStudioVersion = 10.0.40219.1
Project("{9A19103F-16F7-4668-BE54-9A1E7A4F7556}") = "PageObjectSimple", "PageObjectSimple\PageObjectSimple.csproj", "{503A7319-CA7F-4F09-95E5-360BA544AFDE}"
EndProject
Project("{9A19103F-16F7-4668-BE54-9A1E7A4F7556}") = "PageObject_HW", "PageObject_HW\PageObject_HW.csproj", "{F7C2F0FF-BAD6-4340-9666-FF785A429219}"
EndProject
Global
	GlobalSection(SolutionConfigurationPlatforms) = preSolution
		Debug|Any CPU = Debug|Any CPU
		Release|Any CPU = Release|Any CPU
	EndGlobalSection
	GlobalSection(ProjectConfigurationPlatforms) = postSolution
		{503A7319-CA7F-4F09-95E5-360BA544AFDE}.Debug|Any CPU.ActiveCfg = Debug|Any CPU
		{503A7319-CA7F-4F09-95E5-360BA544AFDE}.Debug|Any CPU.Build.0 = Debug|Any CPU
		{503A7319-CA7F-4F09-95E5-360BA544AFDE}.Release|Any CPU.ActiveCfg = Release|Any CPU
		{503A7319-CA7F-4F09-95E5-360BA544AFDE}.Release|Any CPU.Build.0 = Release|Any CPU
		{F7C2F0FF-BAD6-4340-9666-FF785A429219}.Debug|Any CPU.ActiveCfg = Debug|Any CPU
		{F7C2F0FF-BAD6-4340-9666-FF785A429219}.Debug|Any CPU.Build.0 = Debug|Any CPU
		{F7C2F0FF-BAD6-4340-9666-FF785A429219}.Release|Any CPU.ActiveCfg = Release|Any CPU
		{F7C2F0FF-BAD6-4340-9666-FF785A429219}.Release|Any CPU.Build.0 = Release|Any CPU
	EndGlobalSection
	GlobalSection(SolutionProperties) = preSolution
		HideSolutionNode = FALSE
	EndGlobalSection
	GlobalSection(ExtensibilityGlobals) = postSolution
		SolutionGuid = {B685D5CD-2B5C-4616-A341-E61783EF050C}
	EndGlobalSection
EndGlobal
