
Microsoft Visual Studio Solution File, Format Version 12.00
# Visual Studio Version 17
VisualStudioVersion = 17.7.34221.43
MinimumVisualStudioVersion = 10.0.40219.1
Project("{9A19103F-16F7-4668-BE54-9A1E7A4F7556}") = "Abstraction", "Abstraction\Abstraction.csproj", "{C40151C9-E8A8-4DE8-BE69-01E36E0EE674}"
EndProject
Project("{9A19103F-16F7-4668-BE54-9A1E7A4F7556}") = "Inheritance", "Inheritance\Inheritance.csproj", "{C928AE55-D3E8-4EEE-B221-955CA4304974}"
EndProject
Global
	GlobalSection(SolutionConfigurationPlatforms) = preSolution
		Debug|Any CPU = Debug|Any CPU
		Release|Any CPU = Release|Any CPU
	EndGlobalSection
	GlobalSection(ProjectConfigurationPlatforms) = postSolution
		{C40151C9-E8A8-4DE8-BE69-01E36E0EE674}.Debug|Any CPU.ActiveCfg = Debug|Any CPU
		{C40151C9-E8A8-4DE8-BE69-01E36E0EE674}.Debug|Any CPU.Build.0 = Debug|Any CPU
		{C40151C9-E8A8-4DE8-BE69-01E36E0EE674}.Release|Any CPU.ActiveCfg = Release|Any CPU
		{C40151C9-E8A8-4DE8-BE69-01E36E0EE674}.Release|Any CPU.Build.0 = Release|Any CPU
		{C928AE55-D3E8-4EEE-B221-955CA4304974}.Debug|Any CPU.ActiveCfg = Debug|Any CPU
		{C928AE55-D3E8-4EEE-B221-955CA4304974}.Debug|Any CPU.Build.0 = Debug|Any CPU
		{C928AE55-D3E8-4EEE-B221-955CA4304974}.Release|Any CPU.ActiveCfg = Release|Any CPU
		{C928AE55-D3E8-4EEE-B221-955CA4304974}.Release|Any CPU.Build.0 = Release|Any CPU
	EndGlobalSection
	GlobalSection(SolutionProperties) = preSolution
		HideSolutionNode = FALSE
	EndGlobalSection
	GlobalSection(ExtensibilityGlobals) = postSolution
		SolutionGuid = {B685D5CD-2B5C-4616-A341-E61783EF050C}
	EndGlobalSection
EndGlobal
