
Microsoft Visual Studio Solution File, Format Version 12.00
# Visual Studio Version 17
VisualStudioVersion = 17.7.34221.43
MinimumVisualStudioVersion = 10.0.40219.1
Project("{FAE04EC0-301F-11D3-BF4B-00C04F79EFBC}") = "Task_1", "Task_1\Task_1.csproj", "{1DE4AA4F-E870-430B-9C9D-E9AE52342989}"
EndProject
Project("{FAE04EC0-301F-11D3-BF4B-00C04F79EFBC}") = "Task_3", "Task_3\Task_3.csproj", "{086022B1-197D-4B1B-9BCD-BD67A0F42B17}"
EndProject
Project("{FAE04EC0-301F-11D3-BF4B-00C04F79EFBC}") = "Task_2", "Task_2\Task_2.csproj", "{D3A956E8-9747-4E0A-B309-0DF1359DC52A}"
EndProject
Global
	GlobalSection(SolutionConfigurationPlatforms) = preSolution
		Debug|Any CPU = Debug|Any CPU
		Release|Any CPU = Release|Any CPU
	EndGlobalSection
	GlobalSection(ProjectConfigurationPlatforms) = postSolution
		{1DE4AA4F-E870-430B-9C9D-E9AE52342989}.Debug|Any CPU.ActiveCfg = Debug|Any CPU
		{1DE4AA4F-E870-430B-9C9D-E9AE52342989}.Debug|Any CPU.Build.0 = Debug|Any CPU
		{1DE4AA4F-E870-430B-9C9D-E9AE52342989}.Release|Any CPU.ActiveCfg = Release|Any CPU
		{1DE4AA4F-E870-430B-9C9D-E9AE52342989}.Release|Any CPU.Build.0 = Release|Any CPU
		{086022B1-197D-4B1B-9BCD-BD67A0F42B17}.Debug|Any CPU.ActiveCfg = Debug|Any CPU
		{086022B1-197D-4B1B-9BCD-BD67A0F42B17}.Debug|Any CPU.Build.0 = Debug|Any CPU
		{086022B1-197D-4B1B-9BCD-BD67A0F42B17}.Release|Any CPU.ActiveCfg = Release|Any CPU
		{086022B1-197D-4B1B-9BCD-BD67A0F42B17}.Release|Any CPU.Build.0 = Release|Any CPU
		{D3A956E8-9747-4E0A-B309-0DF1359DC52A}.Debug|Any CPU.ActiveCfg = Debug|Any CPU
		{D3A956E8-9747-4E0A-B309-0DF1359DC52A}.Debug|Any CPU.Build.0 = Debug|Any CPU
		{D3A956E8-9747-4E0A-B309-0DF1359DC52A}.Release|Any CPU.ActiveCfg = Release|Any CPU
		{D3A956E8-9747-4E0A-B309-0DF1359DC52A}.Release|Any CPU.Build.0 = Release|Any CPU
	EndGlobalSection
	GlobalSection(SolutionProperties) = preSolution
		HideSolutionNode = FALSE
	EndGlobalSection
	GlobalSection(ExtensibilityGlobals) = postSolution
		SolutionGuid = {B685D5CD-2B5C-4616-A341-E61783EF050C}
	EndGlobalSection
EndGlobal
